
Microsoft Visual Studio Solution File, Format Version 12.00
# Visual Studio Version 17
VisualStudioVersion = 17.8.34511.84
MinimumVisualStudioVersion = 10.0.40219.1
Project("{FAE04EC0-301F-11D3-BF4B-00C04F79EFBC}") = "RecipeTool", "RecipeTool.csproj", "{A696A182-9043-421B-8452-2F34575DCEC1}"
EndProject
Global
	GlobalSection(SolutionConfigurationPlatforms) = preSolution
		Debug|Any CPU = Debug|Any CPU
		Release|Any CPU = Release|Any CPU
	EndGlobalSection
	GlobalSection(ProjectConfigurationPlatforms) = postSolution
		{A696A182-9043-421B-8452-2F34575DCEC1}.Debug|Any CPU.ActiveCfg = Debug|Any CPU
		{A696A182-9043-421B-8452-2F34575DCEC1}.Debug|Any CPU.Build.0 = Debug|Any CPU
		{A696A182-9043-421B-8452-2F34575DCEC1}.Release|Any CPU.ActiveCfg = Release|Any CPU
		{A696A182-9043-421B-8452-2F34575DCEC1}.Release|Any CPU.Build.0 = Release|Any CPU
	EndGlobalSection
	GlobalSection(SolutionProperties) = preSolution
		HideSolutionNode = FALSE
	EndGlobalSection
	GlobalSection(ExtensibilityGlobals) = postSolution
		SolutionGuid = {00D0762F-2E70-46CF-846F-B43CAE8B54E2}
	EndGlobalSection
EndGlobal
